{
  "version": 4,
  "terraform_version": "1.10.3",
  "serial": 618,
  "lineage": "4da2038b-9776-62fc-66d0-1f561704dae8",
  "outputs": {
    "host_ids": {
      "value": [
        "ucabhga-comp0235-ns/host-1-6e45284e72"
      ],
      "type": [
        "tuple",
        [
          "string"
        ]
      ]
    },
    "host_ips": {
      "value": [
        "10.134.12.164"
      ],
      "type": [
        "tuple",
        [
          "string"
        ]
      ]
    },
    "storage_ids": {
      "value": [
        "ucabhga-comp0235-ns/storage-01-6e45284e72"
      ],
      "type": [
        "tuple",
        [
          "string"
        ]
      ]
    },
    "storage_ips": {
      "value": [
        "10.134.12.180"
      ],
      "type": [
        "tuple",
        [
          "string"
        ]
      ]
    },
    "worker_ids": {
      "value": [
        "ucabhga-comp0235-ns/worker-01-6e45284e72",
        "ucabhga-comp0235-ns/worker-02-6e45284e72",
        "ucabhga-comp0235-ns/worker-03-6e45284e72"
      ],
      "type": [
        "tuple",
        [
          "string",
          "string",
          "string"
        ]
      ]
    },
    "worker_ips": {
      "value": [
        "10.134.12.226",
        "10.134.12.95",
        "10.134.12.243"
      ],
      "type": [
        "tuple",
        [
          "string",
          "string",
          "string"
        ]
      ]
    }
  },
  "resources": [
    {
      "mode": "data",
      "type": "harvester_image",
      "name": "img",
      "provider": "provider[\"registry.terraform.io/harvester/harvester\"]",
      "instances": [
        {
          "schema_version": 0,
          "attributes": {
            "description": "",
            "display_name": "almalinux-9.4-20240805",
            "id": "harvester-public/image-bp52g",
            "message": "",
            "name": "image-bp52g",
            "namespace": "harvester-public",
            "progress": 100,
            "pvc_name": "",
            "pvc_namespace": "",
            "size": 591724544,
            "source_type": "download",
            "state": "Active",
            "storage_class_name": "harvester-longhorn",
            "storage_class_parameters": {
              "migratable": "true",
              "numberOfReplicas": "3",
              "staleReplicaTimeout": "30"
            },
            "tags": {},
            "url": "https://repo.almalinux.org/almalinux/9/cloud/x86_64/images/AlmaLinux-9-GenericCloud-9.4-20240805.x86_64.qcow2",
            "volume_storage_class_name": "longhorn-image-bp52g"
          },
          "sensitive_attributes": []
        }
      ]
    },
    {
      "mode": "data",
      "type": "local_file",
      "name": "new_public_key",
      "provider": "provider[\"registry.terraform.io/hashicorp/local\"]",
      "instances": [
        {
          "schema_version": 0,
          "attributes": {
            "content": "ssh-rsa AAAAB3NzaC1yc2EAAAADAQABAAABgQCzXdruZGyKnDzcC1AHfLJaiVaob99D5KDAna/2U/YjM00qgH35K5DSAXehP2GjMqFAcxdGG44ImjomBcQbpOu29ZGjlJ6xkGKNvzWptolE7C9GS9YT0YeZzYyDjljI6YA9VxQm+UK2OR6bZO6RMphcaRxx+KVJ/czN8DIJ7pU2HYLDB/YEOB108G8pnczLbIS4mMlF84A36xr46IYiEeVGH3HW1JYjay9wMApAJdni1IVW86bXZNaVUm/zlHjzFG6OZ+PIBOR4w3qzen75GWt4hG7Qwzn8mReLsZJ8NLb8eaNr7mgi2yWLpoG3tuE5vKeatyLmco8w7Hrz0LTS76P7XcIaJSD11FvQblkBCtKnhB27prv+pLf2sSfHJwR32HrwaPfFBKk98C460u2X3C8MaLh64ZMo9g6CO7X0U98fZF+z6egFEvLafoOulsEiBUPUYNp3OEv7CczV3JwsenQKYsBxq9/KlhHhtheHPGg56xNn1N1Z/KW7FMGki9R9LeM= almalinux@hunar-cnc\n",
            "content_base64": "c3NoLXJzYSBBQUFBQjNOemFDMXljMkVBQUFBREFRQUJBQUFCZ1FDelhkcnVaR3lLbkR6Y0MxQUhmTEphaVZhb2I5OUQ1S0RBbmEvMlUvWWpNMDBxZ0gzNUs1RFNBWGVoUDJHak1xRkFjeGRHRzQ0SW1qb21CY1FicE91MjlaR2psSjZ4a0dLTnZ6V3B0b2xFN0M5R1M5WVQwWWVaell5RGpsakk2WUE5VnhRbStVSzJPUjZiWk82Uk1waGNhUnh4K0tWSi9jek44RElKN3BVMkhZTERCL1lFT0IxMDhHOHBuY3pMYklTNG1NbEY4NEEzNnhyNDZJWWlFZVZHSDNIVzFKWWpheTl3TUFwQUpkbmkxSVZXODZiWFpOYVZVbS96bEhqekZHNk9aK1BJQk9SNHczcXplbjc1R1d0NGhHN1F3em44bVJlTHNaSjhOTGI4ZWFOcjdtZ2kyeVdMcG9HM3R1RTV2S2VhdHlMbWNvOHc3SHJ6MExUUzc2UDdYY0lhSlNEMTFGdlFibGtCQ3RLbmhCMjdwcnYrcExmMnNTZkhKd1IzMkhyd2FQZkZCS2s5OEM0NjB1MlgzQzhNYUxoNjRaTW85ZzZDTzdYMFU5OGZaRit6NmVnRkV2TGFmb091bHNFaUJVUFVZTnAzT0V2N0NjelYzSndzZW5RS1lzQnhxOS9LbGhIaHRoZUhQR2c1NnhObjFOMVovS1c3Rk1Ha2k5UjlMZU09IGFsbWFsaW51eEBodW5hci1jbmMK",
            "content_base64sha256": "w7ZWiG1+3YRsMwP03wn05PrGEUzIAlNHZH+RiPnVrI0=",
            "content_base64sha512": "k1/PGHcyGB74462LQWaeTqGlPARtA5ZeMZOnPSbg+QzFdj7oiKrgqtqrqiags2ZRGkBW79ZmWM/eMeZZG4JTnw==",
            "content_md5": "e59f844eba04c3f1d17e05b75433b072",
            "content_sha1": "38b0026cdb320395c21be951e52c2a980698d5c7",
            "content_sha256": "c3b656886d7edd846c3303f4df09f4e4fac6114cc8025347647f9188f9d5ac8d",
            "content_sha512": "935fcf187732181ef8e3ad8b41669e4ea1a53c046d03965e3193a73d26e0f90cc5763ee888aae0aadaabaa26a0b366511a4056efd66658cfde31e6591b82539f",
            "filename": "/home/almalinux/.ssh/id_rsa.pub",
            "id": "38b0026cdb320395c21be951e52c2a980698d5c7"
          },
          "sensitive_attributes": []
        }
      ]
    },
    {
      "mode": "managed",
      "type": "harvester_cloudinit_secret",
      "name": "cloud-config-host",
      "provider": "provider[\"registry.terraform.io/harvester/harvester\"]",
      "instances": [
        {
          "index_key": 0,
          "schema_version": 0,
          "attributes": {
            "description": "",
            "id": "ucabhga-comp0235-ns/cloud-config-host-6e45284e72-0",
            "message": null,
            "name": "cloud-config-host-6e45284e72-0",
            "namespace": "ucabhga-comp0235-ns",
            "network_data": null,
            "network_data_base64": "",
            "state": null,
            "tags": {},
            "user_data": "#cloud-config\nbootcmd:\n  - [ dnf, config-manager, --set-enabled, crb ]\n  - [ dnf, install, -y, epel-release ]\n\nssh_authorized_keys:\n  - ssh-rsa AAAAB3NzaC1yc2EAAAADAQABAAABgQCzXdruZGyKnDzcC1AHfLJaiVaob99D5KDAna/2U/YjM00qgH35K5DSAXehP2GjMqFAcxdGG44ImjomBcQbpOu29ZGjlJ6xkGKNvzWptolE7C9GS9YT0YeZzYyDjljI6YA9VxQm+UK2OR6bZO6RMphcaRxx+KVJ/czN8DIJ7pU2HYLDB/YEOB108G8pnczLbIS4mMlF84A36xr46IYiEeVGH3HW1JYjay9wMApAJdni1IVW86bXZNaVUm/zlHjzFG6OZ+PIBOR4w3qzen75GWt4hG7Qwzn8mReLsZJ8NLb8eaNr7mgi2yWLpoG3tuE5vKeatyLmco8w7Hrz0LTS76P7XcIaJSD11FvQblkBCtKnhB27prv+pLf2sSfHJwR32HrwaPfFBKk98C460u2X3C8MaLh64ZMo9g6CO7X0U98fZF+z6egFEvLafoOulsEiBUPUYNp3OEv7CczV3JwsenQKYsBxq9/KlhHhtheHPGg56xNn1N1Z/KW7FMGki9R9LeM= almalinux@hunar-cnc\n\n",
            "user_data_base64": ""
          },
          "sensitive_attributes": [],
          "private": "bnVsbA==",
          "dependencies": [
            "data.local_file.new_public_key",
            "harvester_ssh_key.new_key",
            "random_id.secret"
          ]
        }
      ]
    },
    {
      "mode": "managed",
      "type": "harvester_cloudinit_secret",
      "name": "cloud-config-worker",
      "provider": "provider[\"registry.terraform.io/harvester/harvester\"]",
      "instances": [
        {
          "index_key": 0,
          "schema_version": 0,
          "attributes": {
            "description": "",
            "id": "ucabhga-comp0235-ns/cloud-config-worker-6e45284e72-0",
            "message": null,
            "name": "cloud-config-worker-6e45284e72-0",
            "namespace": "ucabhga-comp0235-ns",
            "network_data": null,
            "network_data_base64": "",
            "state": null,
            "tags": {},
            "user_data": "#cloud-config\nbootcmd:\n  - [ dnf, config-manager, --set-enabled, crb ]\n  - [ dnf, install, -y, epel-release ]\n\nssh_authorized_keys:\n  - ssh-rsa AAAAB3NzaC1yc2EAAAADAQABAAABgQCzXdruZGyKnDzcC1AHfLJaiVaob99D5KDAna/2U/YjM00qgH35K5DSAXehP2GjMqFAcxdGG44ImjomBcQbpOu29ZGjlJ6xkGKNvzWptolE7C9GS9YT0YeZzYyDjljI6YA9VxQm+UK2OR6bZO6RMphcaRxx+KVJ/czN8DIJ7pU2HYLDB/YEOB108G8pnczLbIS4mMlF84A36xr46IYiEeVGH3HW1JYjay9wMApAJdni1IVW86bXZNaVUm/zlHjzFG6OZ+PIBOR4w3qzen75GWt4hG7Qwzn8mReLsZJ8NLb8eaNr7mgi2yWLpoG3tuE5vKeatyLmco8w7Hrz0LTS76P7XcIaJSD11FvQblkBCtKnhB27prv+pLf2sSfHJwR32HrwaPfFBKk98C460u2X3C8MaLh64ZMo9g6CO7X0U98fZF+z6egFEvLafoOulsEiBUPUYNp3OEv7CczV3JwsenQKYsBxq9/KlhHhtheHPGg56xNn1N1Z/KW7FMGki9R9LeM= almalinux@hunar-cnc\n\n",
            "user_data_base64": ""
          },
          "sensitive_attributes": [],
          "private": "bnVsbA==",
          "dependencies": [
            "data.local_file.new_public_key",
            "harvester_ssh_key.new_key",
            "random_id.secret"
          ]
        },
        {
          "index_key": 1,
          "schema_version": 0,
          "attributes": {
            "description": "",
            "id": "ucabhga-comp0235-ns/cloud-config-worker-6e45284e72-1",
            "message": null,
            "name": "cloud-config-worker-6e45284e72-1",
            "namespace": "ucabhga-comp0235-ns",
            "network_data": null,
            "network_data_base64": "",
            "state": null,
            "tags": {},
            "user_data": "#cloud-config\nbootcmd:\n  - [ dnf, config-manager, --set-enabled, crb ]\n  - [ dnf, install, -y, epel-release ]\n\nssh_authorized_keys:\n  - ssh-rsa AAAAB3NzaC1yc2EAAAADAQABAAABgQCzXdruZGyKnDzcC1AHfLJaiVaob99D5KDAna/2U/YjM00qgH35K5DSAXehP2GjMqFAcxdGG44ImjomBcQbpOu29ZGjlJ6xkGKNvzWptolE7C9GS9YT0YeZzYyDjljI6YA9VxQm+UK2OR6bZO6RMphcaRxx+KVJ/czN8DIJ7pU2HYLDB/YEOB108G8pnczLbIS4mMlF84A36xr46IYiEeVGH3HW1JYjay9wMApAJdni1IVW86bXZNaVUm/zlHjzFG6OZ+PIBOR4w3qzen75GWt4hG7Qwzn8mReLsZJ8NLb8eaNr7mgi2yWLpoG3tuE5vKeatyLmco8w7Hrz0LTS76P7XcIaJSD11FvQblkBCtKnhB27prv+pLf2sSfHJwR32HrwaPfFBKk98C460u2X3C8MaLh64ZMo9g6CO7X0U98fZF+z6egFEvLafoOulsEiBUPUYNp3OEv7CczV3JwsenQKYsBxq9/KlhHhtheHPGg56xNn1N1Z/KW7FMGki9R9LeM= almalinux@hunar-cnc\n\n",
            "user_data_base64": ""
          },
          "sensitive_attributes": [],
          "private": "bnVsbA==",
          "dependencies": [
            "data.local_file.new_public_key",
            "harvester_ssh_key.new_key",
            "random_id.secret"
          ]
        },
        {
          "index_key": 2,
          "schema_version": 0,
          "attributes": {
            "description": "",
            "id": "ucabhga-comp0235-ns/cloud-config-worker-6e45284e72-2",
            "message": null,
            "name": "cloud-config-worker-6e45284e72-2",
            "namespace": "ucabhga-comp0235-ns",
            "network_data": null,
            "network_data_base64": "",
            "state": null,
            "tags": {},
            "user_data": "#cloud-config\nbootcmd:\n  - [ dnf, config-manager, --set-enabled, crb ]\n  - [ dnf, install, -y, epel-release ]\n\nssh_authorized_keys:\n  - ssh-rsa AAAAB3NzaC1yc2EAAAADAQABAAABgQCzXdruZGyKnDzcC1AHfLJaiVaob99D5KDAna/2U/YjM00qgH35K5DSAXehP2GjMqFAcxdGG44ImjomBcQbpOu29ZGjlJ6xkGKNvzWptolE7C9GS9YT0YeZzYyDjljI6YA9VxQm+UK2OR6bZO6RMphcaRxx+KVJ/czN8DIJ7pU2HYLDB/YEOB108G8pnczLbIS4mMlF84A36xr46IYiEeVGH3HW1JYjay9wMApAJdni1IVW86bXZNaVUm/zlHjzFG6OZ+PIBOR4w3qzen75GWt4hG7Qwzn8mReLsZJ8NLb8eaNr7mgi2yWLpoG3tuE5vKeatyLmco8w7Hrz0LTS76P7XcIaJSD11FvQblkBCtKnhB27prv+pLf2sSfHJwR32HrwaPfFBKk98C460u2X3C8MaLh64ZMo9g6CO7X0U98fZF+z6egFEvLafoOulsEiBUPUYNp3OEv7CczV3JwsenQKYsBxq9/KlhHhtheHPGg56xNn1N1Z/KW7FMGki9R9LeM= almalinux@hunar-cnc\n\n",
            "user_data_base64": ""
          },
          "sensitive_attributes": [],
          "private": "bnVsbA==",
          "dependencies": [
            "data.local_file.new_public_key",
            "harvester_ssh_key.new_key",
            "random_id.secret"
          ]
        }
      ]
    },
    {
      "mode": "managed",
      "type": "harvester_ssh_key",
      "name": "new_key",
      "provider": "provider[\"registry.terraform.io/harvester/harvester\"]",
      "instances": [
        {
          "schema_version": 0,
          "attributes": {
            "description": "",
            "fingerprint": "98:82:e8:ca:1c:f8:63:84:d6:04:07:f1:00:d6:98:2a",
            "id": "ucabhga-comp0235-ns/ssh1",
            "message": null,
            "name": "ssh1",
            "namespace": "ucabhga-comp0235-ns",
            "public_key": "ssh-rsa AAAAB3NzaC1yc2EAAAADAQABAAABgQCzXdruZGyKnDzcC1AHfLJaiVaob99D5KDAna/2U/YjM00qgH35K5DSAXehP2GjMqFAcxdGG44ImjomBcQbpOu29ZGjlJ6xkGKNvzWptolE7C9GS9YT0YeZzYyDjljI6YA9VxQm+UK2OR6bZO6RMphcaRxx+KVJ/czN8DIJ7pU2HYLDB/YEOB108G8pnczLbIS4mMlF84A36xr46IYiEeVGH3HW1JYjay9wMApAJdni1IVW86bXZNaVUm/zlHjzFG6OZ+PIBOR4w3qzen75GWt4hG7Qwzn8mReLsZJ8NLb8eaNr7mgi2yWLpoG3tuE5vKeatyLmco8w7Hrz0LTS76P7XcIaJSD11FvQblkBCtKnhB27prv+pLf2sSfHJwR32HrwaPfFBKk98C460u2X3C8MaLh64ZMo9g6CO7X0U98fZF+z6egFEvLafoOulsEiBUPUYNp3OEv7CczV3JwsenQKYsBxq9/KlhHhtheHPGg56xNn1N1Z/KW7FMGki9R9LeM= almalinux@hunar-cnc\n",
            "state": "Validated",
            "tags": {}
          },
          "sensitive_attributes": [],
          "private": "bnVsbA==",
          "dependencies": [
            "data.local_file.new_public_key"
          ]
        }
      ]
    },
    {
      "mode": "managed",
      "type": "harvester_virtualmachine",
      "name": "host",
      "provider": "provider[\"registry.terraform.io/harvester/harvester\"]",
      "instances": [
        {
          "index_key": 0,
          "schema_version": 0,
          "attributes": {
            "cloudinit": [
              {
                "network_data": "",
                "network_data_base64": "",
                "network_data_secret_name": "",
                "type": "noCloud",
                "user_data": "",
                "user_data_base64": "",
                "user_data_secret_name": "cloud-config-host-6e45284e72-0"
              }
            ],
            "cpu": 2,
            "description": "Host Node",
            "disk": [
              {
                "access_mode": "ReadWriteMany",
                "auto_delete": true,
                "boot_order": 1,
                "bus": "virtio",
                "container_image_name": "",
                "existing_volume_name": "",
                "hot_plug": false,
                "image": "harvester-public/image-bp52g",
                "name": "disk1",
                "size": "10Gi",
                "storage_class_name": "longhorn-image-bp52g",
                "type": "disk",
                "volume_mode": "Block",
                "volume_name": "host-1-6e45284e72-disk1-6tm4x"
              }
            ],
            "efi": true,
            "hostname": "host-1-6e45284e72",
            "id": "ucabhga-comp0235-ns/host-1-6e45284e72",
            "input": [],
            "machine_type": "q35",
            "memory": "4Gi",
            "message": null,
            "name": "host-1-6e45284e72",
            "namespace": "ucabhga-comp0235-ns",
            "network_interface": [
              {
                "interface_name": "eth0",
                "ip_address": "10.134.12.164",
                "mac_address": "e6:18:b9:05:a1:cd",
                "model": "virtio",
                "name": "nic-host-1",
                "network_name": "ucabhga-comp0235-ns/ds4eng",
                "type": "bridge",
                "wait_for_lease": true
              }
            ],
            "node_name": "harvester-2f8q4",
            "reserved_memory": "",
            "restart_after_update": true,
            "run_strategy": "RerunOnFailure",
            "secure_boot": true,
            "ssh_keys": null,
            "start": null,
            "state": "Ready",
            "tags": null,
            "tpm": []
          },
          "sensitive_attributes": [],
          "private": "bnVsbA==",
          "dependencies": [
            "data.harvester_image.img",
            "data.local_file.new_public_key",
            "harvester_cloudinit_secret.cloud-config-host",
            "harvester_ssh_key.new_key",
            "random_id.secret"
          ]
        }
      ]
    },
    {
      "mode": "managed",
      "type": "harvester_virtualmachine",
      "name": "storage_vm",
      "provider": "provider[\"registry.terraform.io/harvester/harvester\"]",
      "instances": [
        {
          "index_key": 0,
          "schema_version": 0,
          "attributes": {
            "cloudinit": [
              {
                "network_data": "",
                "network_data_base64": "",
                "network_data_secret_name": "",
                "type": "noCloud",
                "user_data": "",
                "user_data_base64": "",
                "user_data_secret_name": "cloud-config-worker-6e45284e72-0"
              }
            ],
            "cpu": 4,
            "description": "Storage Node",
            "disk": [
              {
                "access_mode": "ReadWriteMany",
                "auto_delete": true,
                "boot_order": 1,
                "bus": "virtio",
                "container_image_name": "",
                "existing_volume_name": "",
                "hot_plug": false,
                "image": "harvester-public/image-bp52g",
                "name": "disk1",
                "size": "10Gi",
                "storage_class_name": "longhorn-image-bp52g",
                "type": "disk",
                "volume_mode": "Block",
                "volume_name": "storage-01-6e45284e72-disk1-65dw7"
              },
              {
                "access_mode": "ReadWriteMany",
                "auto_delete": true,
                "boot_order": 0,
                "bus": "virtio",
                "container_image_name": "",
                "existing_volume_name": "",
                "hot_plug": false,
                "image": "",
                "name": "disk2",
                "size": "200Gi",
                "storage_class_name": "harvester-longhorn",
                "type": "disk",
                "volume_mode": "Block",
                "volume_name": "storage-01-6e45284e72-disk2-77hqj"
              }
            ],
            "efi": true,
            "hostname": "storage-01-6e45284e72",
            "id": "ucabhga-comp0235-ns/storage-01-6e45284e72",
            "input": [],
            "machine_type": "q35",
            "memory": "8Gi",
            "message": null,
            "name": "storage-01-6e45284e72",
            "namespace": "ucabhga-comp0235-ns",
            "network_interface": [
              {
                "interface_name": "eth0",
                "ip_address": "10.134.12.180",
                "mac_address": "0e:8b:ef:85:01:b3",
                "model": "virtio",
                "name": "nic-storage-1",
                "network_name": "ucabhga-comp0235-ns/ds4eng",
                "type": "bridge",
                "wait_for_lease": true
              }
            ],
            "node_name": "harvester-7c7vq",
            "reserved_memory": "",
            "restart_after_update": true,
            "run_strategy": "RerunOnFailure",
            "secure_boot": true,
            "ssh_keys": [],
            "start": null,
            "state": "Ready",
            "tags": {},
            "tpm": []
          },
          "sensitive_attributes": [],
          "private": "bnVsbA==",
          "dependencies": [
            "data.harvester_image.img",
            "data.local_file.new_public_key",
            "harvester_cloudinit_secret.cloud-config-worker",
            "harvester_ssh_key.new_key",
            "random_id.secret"
          ]
        }
      ]
    },
    {
      "mode": "managed",
      "type": "harvester_virtualmachine",
      "name": "worker",
      "provider": "provider[\"registry.terraform.io/harvester/harvester\"]",
      "instances": [
        {
          "index_key": 0,
          "schema_version": 0,
          "attributes": {
            "cloudinit": [
              {
                "network_data": "",
                "network_data_base64": "",
                "network_data_secret_name": "",
                "type": "noCloud",
                "user_data": "",
                "user_data_base64": "",
                "user_data_secret_name": "cloud-config-worker-6e45284e72-0"
              }
            ],
            "cpu": 4,
            "description": "Worker Node",
            "disk": [
              {
                "access_mode": "ReadWriteMany",
                "auto_delete": true,
                "boot_order": 1,
                "bus": "virtio",
                "container_image_name": "",
                "existing_volume_name": "",
                "hot_plug": false,
                "image": "harvester-public/image-bp52g",
                "name": "disk1",
                "size": "25Gi",
                "storage_class_name": "longhorn-image-bp52g",
                "type": "disk",
                "volume_mode": "Block",
                "volume_name": "worker-01-6e45284e72-disk1-stz4v"
              }
            ],
            "efi": true,
            "hostname": "worker-01-6e45284e72",
            "id": "ucabhga-comp0235-ns/worker-01-6e45284e72",
            "input": [],
            "machine_type": "q35",
            "memory": "32Gi",
            "message": null,
            "name": "worker-01-6e45284e72",
            "namespace": "ucabhga-comp0235-ns",
            "network_interface": [
              {
                "interface_name": "eth0",
                "ip_address": "10.134.12.226",
                "mac_address": "92:19:0a:31:24:b4",
                "model": "virtio",
                "name": "nic-worker-1",
                "network_name": "ucabhga-comp0235-ns/ds4eng",
                "type": "bridge",
                "wait_for_lease": true
              }
            ],
            "node_name": "harvester-s65lz",
            "reserved_memory": "",
            "restart_after_update": true,
            "run_strategy": "RerunOnFailure",
            "secure_boot": true,
            "ssh_keys": [],
            "start": null,
            "state": "Ready",
            "tags": {},
            "tpm": []
          },
          "sensitive_attributes": [],
          "private": "bnVsbA==",
          "dependencies": [
            "data.harvester_image.img",
            "data.local_file.new_public_key",
            "harvester_cloudinit_secret.cloud-config-worker",
            "harvester_ssh_key.new_key",
            "random_id.secret"
          ]
        },
        {
          "index_key": 1,
          "schema_version": 0,
          "attributes": {
            "cloudinit": [
              {
                "network_data": "",
                "network_data_base64": "",
                "network_data_secret_name": "",
                "type": "noCloud",
                "user_data": "",
                "user_data_base64": "",
                "user_data_secret_name": "cloud-config-worker-6e45284e72-1"
              }
            ],
            "cpu": 4,
            "description": "Worker Node",
            "disk": [
              {
                "access_mode": "ReadWriteMany",
                "auto_delete": true,
                "boot_order": 1,
                "bus": "virtio",
                "container_image_name": "",
                "existing_volume_name": "",
                "hot_plug": false,
                "image": "harvester-public/image-bp52g",
                "name": "disk1",
                "size": "25Gi",
                "storage_class_name": "longhorn-image-bp52g",
                "type": "disk",
                "volume_mode": "Block",
                "volume_name": "worker-02-6e45284e72-disk1-5vm5c"
              }
            ],
            "efi": true,
            "hostname": "worker-02-6e45284e72",
            "id": "ucabhga-comp0235-ns/worker-02-6e45284e72",
            "input": [],
            "machine_type": "q35",
            "memory": "32Gi",
            "message": null,
            "name": "worker-02-6e45284e72",
            "namespace": "ucabhga-comp0235-ns",
            "network_interface": [
              {
                "interface_name": "eth0",
                "ip_address": "10.134.12.95",
                "mac_address": "aa:24:4c:d5:a4:dc",
                "model": "virtio",
                "name": "nic-worker-2",
                "network_name": "ucabhga-comp0235-ns/ds4eng",
                "type": "bridge",
                "wait_for_lease": true
              }
            ],
            "node_name": "harvester-q67gd",
            "reserved_memory": "",
            "restart_after_update": true,
            "run_strategy": "RerunOnFailure",
            "secure_boot": true,
            "ssh_keys": [],
            "start": null,
            "state": "Ready",
            "tags": {},
            "tpm": []
          },
          "sensitive_attributes": [],
          "private": "bnVsbA==",
          "dependencies": [
            "data.harvester_image.img",
            "data.local_file.new_public_key",
            "harvester_cloudinit_secret.cloud-config-worker",
            "harvester_ssh_key.new_key",
            "random_id.secret"
          ]
        },
        {
          "index_key": 2,
          "schema_version": 0,
          "attributes": {
            "cloudinit": [
              {
                "network_data": "",
                "network_data_base64": "",
                "network_data_secret_name": "",
                "type": "noCloud",
                "user_data": "",
                "user_data_base64": "",
                "user_data_secret_name": "cloud-config-worker-6e45284e72-2"
              }
            ],
            "cpu": 4,
            "description": "Worker Node",
            "disk": [
              {
                "access_mode": "ReadWriteMany",
                "auto_delete": true,
                "boot_order": 1,
                "bus": "virtio",
                "container_image_name": "",
                "existing_volume_name": "",
                "hot_plug": false,
                "image": "harvester-public/image-bp52g",
                "name": "disk1",
                "size": "25Gi",
                "storage_class_name": "longhorn-image-bp52g",
                "type": "disk",
                "volume_mode": "Block",
                "volume_name": "worker-03-6e45284e72-disk1-sfm2w"
              }
            ],
            "efi": true,
            "hostname": "worker-03-6e45284e72",
            "id": "ucabhga-comp0235-ns/worker-03-6e45284e72",
            "input": [],
            "machine_type": "q35",
            "memory": "32Gi",
            "message": null,
            "name": "worker-03-6e45284e72",
            "namespace": "ucabhga-comp0235-ns",
            "network_interface": [
              {
                "interface_name": "eth0",
                "ip_address": "10.134.12.243",
                "mac_address": "36:5a:24:1e:1f:6c",
                "model": "virtio",
                "name": "nic-worker-3",
                "network_name": "ucabhga-comp0235-ns/ds4eng",
                "type": "bridge",
                "wait_for_lease": true
              }
            ],
            "node_name": "harvester-f8x4x",
            "reserved_memory": "",
            "restart_after_update": true,
            "run_strategy": "RerunOnFailure",
            "secure_boot": true,
            "ssh_keys": [],
            "start": null,
            "state": "Ready",
            "tags": {},
            "tpm": []
          },
          "sensitive_attributes": [],
          "private": "bnVsbA==",
          "dependencies": [
            "data.harvester_image.img",
            "data.local_file.new_public_key",
            "harvester_cloudinit_secret.cloud-config-worker",
            "harvester_ssh_key.new_key",
            "random_id.secret"
          ]
        }
      ]
    },
    {
      "mode": "managed",
      "type": "random_id",
      "name": "secret",
      "provider": "provider[\"registry.terraform.io/hashicorp/random\"]",
      "instances": [
        {
          "schema_version": 0,
          "attributes": {
            "b64_std": "bkUoTnI=",
            "b64_url": "bkUoTnI",
            "byte_length": 5,
            "dec": "473606671986",
            "hex": "6e45284e72",
            "id": "bkUoTnI",
            "keepers": null,
            "prefix": null
          },
          "sensitive_attributes": []
        }
      ]
    }
  ],
  "check_results": null
}
